// !$*UTF8*$!
{
	archiveVersion = 1;
	classes = {
	};
	objectVersion = 56;
	objects = {

/* Begin PBXBuildFile section */
		AE6F33672C091F2800FE76AE /* AppDelegate.swift in Sources */ = {isa = PBXBuildFile; fileRef = AE6F33662C091F2800FE76AE /* AppDelegate.swift */; };
		AE6F33692C091F2800FE76AE /* SceneDelegate.swift in Sources */ = {isa = PBXBuildFile; fileRef = AE6F33682C091F2800FE76AE /* SceneDelegate.swift */; };
		AE6F336B2C091F2800FE76AE /* MainViewController.swift in Sources */ = {isa = PBXBuildFile; fileRef = AE6F336A2C091F2800FE76AE /* MainViewController.swift */; };
		AE6F33702C091F2D00FE76AE /* Assets.xcassets in Resources */ = {isa = PBXBuildFile; fileRef = AE6F336F2C091F2D00FE76AE /* Assets.xcassets */; };
		AE6F33732C091F2D00FE76AE /* LaunchScreen.storyboard in Resources */ = {isa = PBXBuildFile; fileRef = AE6F33712C091F2D00FE76AE /* LaunchScreen.storyboard */; };
		AE6F337F2C09202D00FE76AE /* SecondViewController.swift in Sources */ = {isa = PBXBuildFile; fileRef = AE6F337E2C09202D00FE76AE /* SecondViewController.swift */; };
		AE6F33812C09208300FE76AE /* ThirdViewController.swift in Sources */ = {isa = PBXBuildFile; fileRef = AE6F33802C09208300FE76AE /* ThirdViewController.swift */; };
		AE6F33842C09217100FE76AE /* Coordinator.swift in Sources */ = {isa = PBXBuildFile; fileRef = AE6F33832C09217100FE76AE /* Coordinator.swift */; };
		AE6F33862C09226600FE76AE /* BaseCoordinator.swift in Sources */ = {isa = PBXBuildFile; fileRef = AE6F33852C09226600FE76AE /* BaseCoordinator.swift */; };
		AE6F33882C0922E900FE76AE /* AppCoordinator.swift in Sources */ = {isa = PBXBuildFile; fileRef = AE6F33872C0922E900FE76AE /* AppCoordinator.swift */; };
		AE6F338A2C09239C00FE76AE /* MainViewControllerCoordinator.swift in Sources */ = {isa = PBXBuildFile; fileRef = AE6F33892C09239C00FE76AE /* MainViewControllerCoordinator.swift */; };
		AE6F338C2C09265400FE76AE /* SecondViewControllerCoordinator.swift in Sources */ = {isa = PBXBuildFile; fileRef = AE6F338B2C09265400FE76AE /* SecondViewControllerCoordinator.swift */; };
		AE6F338E2C0926CF00FE76AE /* ThirdViewControllerCoordinator.swift in Sources */ = {isa = PBXBuildFile; fileRef = AE6F338D2C0926CF00FE76AE /* ThirdViewControllerCoordinator.swift */; };
/* End PBXBuildFile section */

/* Begin PBXFileReference section */
		AE6F33632C091F2800FE76AE /* coordinatorPattern.app */ = {isa = PBXFileReference; explicitFileType = wrapper.application; includeInIndex = 0; path = coordinatorPattern.app; sourceTree = BUILT_PRODUCTS_DIR; };
		AE6F33662C091F2800FE76AE /* AppDelegate.swift */ = {isa = PBXFileReference; lastKnownFileType = sourcecode.swift; path = AppDelegate.swift; sourceTree = "<group>"; };
		AE6F33682C091F2800FE76AE /* SceneDelegate.swift */ = {isa = PBXFileReference; lastKnownFileType = sourcecode.swift; path = SceneDelegate.swift; sourceTree = "<group>"; };
		AE6F336A2C091F2800FE76AE /* MainViewController.swift */ = {isa = PBXFileReference; lastKnownFileType = sourcecode.swift; path = MainViewController.swift; sourceTree = "<group>"; };
		AE6F336F2C091F2D00FE76AE /* Assets.xcassets */ = {isa = PBXFileReference; lastKnownFileType = folder.assetcatalog; path = Assets.xcassets; sourceTree = "<group>"; };
		AE6F33722C091F2D00FE76AE /* Base */ = {isa = PBXFileReference; lastKnownFileType = file.storyboard; name = Base; path = Base.lproj/LaunchScreen.storyboard; sourceTree = "<group>"; };
		AE6F33742C091F2D00FE76AE /* Info.plist */ = {isa = PBXFileReference; lastKnownFileType = text.plist.xml; path = Info.plist; sourceTree = "<group>"; };
		AE6F337E2C09202D00FE76AE /* SecondViewController.swift */ = {isa = PBXFileReference; lastKnownFileType = sourcecode.swift; path = SecondViewController.swift; sourceTree = "<group>"; };
		AE6F33802C09208300FE76AE /* ThirdViewController.swift */ = {isa = PBXFileReference; lastKnownFileType = sourcecode.swift; path = ThirdViewController.swift; sourceTree = "<group>"; };
		AE6F33832C09217100FE76AE /* Coordinator.swift */ = {isa = PBXFileReference; lastKnownFileType = sourcecode.swift; path = Coordinator.swift; sourceTree = "<group>"; };
		AE6F33852C09226600FE76AE /* BaseCoordinator.swift */ = {isa = PBXFileReference; lastKnownFileType = sourcecode.swift; path = BaseCoordinator.swift; sourceTree = "<group>"; };
		AE6F33872C0922E900FE76AE /* AppCoordinator.swift */ = {isa = PBXFileReference; lastKnownFileType = sourcecode.swift; path = AppCoordinator.swift; sourceTree = "<group>"; };
		AE6F33892C09239C00FE76AE /* MainViewControllerCoordinator.swift */ = {isa = PBXFileReference; lastKnownFileType = sourcecode.swift; path = MainViewControllerCoordinator.swift; sourceTree = "<group>"; };
		AE6F338B2C09265400FE76AE /* SecondViewControllerCoordinator.swift */ = {isa = PBXFileReference; lastKnownFileType = sourcecode.swift; path = SecondViewControllerCoordinator.swift; sourceTree = "<group>"; };
		AE6F338D2C0926CF00FE76AE /* ThirdViewControllerCoordinator.swift */ = {isa = PBXFileReference; lastKnownFileType = sourcecode.swift; path = ThirdViewControllerCoordinator.swift; sourceTree = "<group>"; };
/* End PBXFileReference section */

/* Begin PBXFrameworksBuildPhase section */
		AE6F33602C091F2800FE76AE /* Frameworks */ = {
			isa = PBXFrameworksBuildPhase;
			buildActionMask = 2147483647;
			files = (
			);
			runOnlyForDeploymentPostprocessing = 0;
		};
/* End PBXFrameworksBuildPhase section */

/* Begin PBXGroup section */
		AE6F335A2C091F2800FE76AE = {
			isa = PBXGroup;
			children = (
				AE6F33652C091F2800FE76AE /* coordinatorPattern */,
				AE6F33642C091F2800FE76AE /* Products */,
			);
			sourceTree = "<group>";
		};
		AE6F33642C091F2800FE76AE /* Products */ = {
			isa = PBXGroup;
			children = (
				AE6F33632C091F2800FE76AE /* coordinatorPattern.app */,
			);
			name = Products;
			sourceTree = "<group>";
		};
		AE6F33652C091F2800FE76AE /* coordinatorPattern */ = {
			isa = PBXGroup;
			children = (
				AE6F33822C09209700FE76AE /* Coordinators */,
				AE6F337D2C09200C00FE76AE /* ThirdModule */,
				AE6F337C2C091FFD00FE76AE /* SecondModule */,
				AE6F337B2C091FF000FE76AE /* MainModule */,
				AE6F337A2C091F5D00FE76AE /* Application */,
				AE6F336F2C091F2D00FE76AE /* Assets.xcassets */,
				AE6F33712C091F2D00FE76AE /* LaunchScreen.storyboard */,
				AE6F33742C091F2D00FE76AE /* Info.plist */,
			);
			path = coordinatorPattern;
			sourceTree = "<group>";
		};
		AE6F337A2C091F5D00FE76AE /* Application */ = {
			isa = PBXGroup;
			children = (
				AE6F33662C091F2800FE76AE /* AppDelegate.swift */,
				AE6F33682C091F2800FE76AE /* SceneDelegate.swift */,
			);
			path = Application;
			sourceTree = "<group>";
		};
		AE6F337B2C091FF000FE76AE /* MainModule */ = {
			isa = PBXGroup;
			children = (
				AE6F336A2C091F2800FE76AE /* MainViewController.swift */,
				AE6F33892C09239C00FE76AE /* MainViewControllerCoordinator.swift */,
			);
			path = MainModule;
			sourceTree = "<group>";
		};
		AE6F337C2C091FFD00FE76AE /* SecondModule */ = {
			isa = PBXGroup;
			children = (
				AE6F337E2C09202D00FE76AE /* SecondViewController.swift */,
				AE6F338B2C09265400FE76AE /* SecondViewControllerCoordinator.swift */,
			);
			path = SecondModule;
			sourceTree = "<group>";
		};
		AE6F337D2C09200C00FE76AE /* ThirdModule */ = {
			isa = PBXGroup;
			children = (
				AE6F33802C09208300FE76AE /* ThirdViewController.swift */,
				AE6F338D2C0926CF00FE76AE /* ThirdViewControllerCoordinator.swift */,
			);
			path = ThirdModule;
			sourceTree = "<group>";
		};
		AE6F33822C09209700FE76AE /* Coordinators */ = {
			isa = PBXGroup;
			children = (
				AE6F33832C09217100FE76AE /* Coordinator.swift */,
				AE6F33852C09226600FE76AE /* BaseCoordinator.swift */,
				AE6F33872C0922E900FE76AE /* AppCoordinator.swift */,
			);
			path = Coordinators;
			sourceTree = "<group>";
		};
/* End PBXGroup section */

/* Begin PBXNativeTarget section */
		AE6F33622C091F2800FE76AE /* coordinatorPattern */ = {
			isa = PBXNativeTarget;
			buildConfigurationList = AE6F33772C091F2D00FE76AE /* Build configuration list for PBXNativeTarget "coordinatorPattern" */;
			buildPhases = (
				AE6F335F2C091F2800FE76AE /* Sources */,
				AE6F33602C091F2800FE76AE /* Frameworks */,
				AE6F33612C091F2800FE76AE /* Resources */,
			);
			buildRules = (
			);
			dependencies = (
			);
			name = coordinatorPattern;
			productName = coordinatorPattern;
			productReference = AE6F33632C091F2800FE76AE /* coordinatorPattern.app */;
			productType = "com.apple.product-type.application";
		};
/* End PBXNativeTarget section */

/* Begin PBXProject section */
		AE6F335B2C091F2800FE76AE /* Project object */ = {
			isa = PBXProject;
			attributes = {
				BuildIndependentTargetsInParallel = 1;
				LastSwiftUpdateCheck = 1500;
				LastUpgradeCheck = 1500;
				TargetAttributes = {
					AE6F33622C091F2800FE76AE = {
						CreatedOnToolsVersion = 15.0.1;
					};
				};
			};
			buildConfigurationList = AE6F335E2C091F2800FE76AE /* Build configuration list for PBXProject "coordinatorPattern" */;
			compatibilityVersion = "Xcode 14.0";
			developmentRegion = en;
			hasScannedForEncodings = 0;
			knownRegions = (
				en,
				Base,
			);
			mainGroup = AE6F335A2C091F2800FE76AE;
			productRefGroup = AE6F33642C091F2800FE76AE /* Products */;
			projectDirPath = "";
			projectRoot = "";
			targets = (
				AE6F33622C091F2800FE76AE /* coordinatorPattern */,
			);
		};
/* End PBXProject section */

/* Begin PBXResourcesBuildPhase section */
		AE6F33612C091F2800FE76AE /* Resources */ = {
			isa = PBXResourcesBuildPhase;
			buildActionMask = 2147483647;
			files = (
				AE6F33732C091F2D00FE76AE /* LaunchScreen.storyboard in Resources */,
				AE6F33702C091F2D00FE76AE /* Assets.xcassets in Resources */,
			);
			runOnlyForDeploymentPostprocessing = 0;
		};
/* End PBXResourcesBuildPhase section */

/* Begin PBXSourcesBuildPhase section */
		AE6F335F2C091F2800FE76AE /* Sources */ = {
			isa = PBXSourcesBuildPhase;
			buildActionMask = 2147483647;
			files = (
				AE6F337F2C09202D00FE76AE /* SecondViewController.swift in Sources */,
				AE6F338E2C0926CF00FE76AE /* ThirdViewControllerCoordinator.swift in Sources */,
				AE6F336B2C091F2800FE76AE /* MainViewController.swift in Sources */,
				AE6F33842C09217100FE76AE /* Coordinator.swift in Sources */,
				AE6F33812C09208300FE76AE /* ThirdViewController.swift in Sources */,
				AE6F338A2C09239C00FE76AE /* MainViewControllerCoordinator.swift in Sources */,
				AE6F33882C0922E900FE76AE /* AppCoordinator.swift in Sources */,
				AE6F33862C09226600FE76AE /* BaseCoordinator.swift in Sources */,
				AE6F338C2C09265400FE76AE /* SecondViewControllerCoordinator.swift in Sources */,
				AE6F33672C091F2800FE76AE /* AppDelegate.swift in Sources */,
				AE6F33692C091F2800FE76AE /* SceneDelegate.swift in Sources */,
			);
			runOnlyForDeploymentPostprocessing = 0;
		};
/* End PBXSourcesBuildPhase section */

/* Begin PBXVariantGroup section */
		AE6F33712C091F2D00FE76AE /* LaunchScreen.storyboard */ = {
			isa = PBXVariantGroup;
			children = (
				AE6F33722C091F2D00FE76AE /* Base */,
			);
			name = LaunchScreen.storyboard;
			sourceTree = "<group>";
		};
/* End PBXVariantGroup section */

/* Begin XCBuildConfiguration section */
		AE6F33752C091F2D00FE76AE /* Debug */ = {
			isa = XCBuildConfiguration;
			buildSettings = {
				ALWAYS_SEARCH_USER_PATHS = NO;
				ASSETCATALOG_COMPILER_GENERATE_SWIFT_ASSET_SYMBOL_EXTENSIONS = YES;
				CLANG_ANALYZER_NONNULL = YES;
				CLANG_ANALYZER_NUMBER_OBJECT_CONVERSION = YES_AGGRESSIVE;
				CLANG_CXX_LANGUAGE_STANDARD = "gnu++20";
				CLANG_ENABLE_MODULES = YES;
				CLANG_ENABLE_OBJC_ARC = YES;
				CLANG_ENABLE_OBJC_WEAK = YES;
				CLANG_WARN_BLOCK_CAPTURE_AUTORELEASING = YES;
				CLANG_WARN_BOOL_CONVERSION = YES;
				CLANG_WARN_COMMA = YES;
				CLANG_WARN_CONSTANT_CONVERSION = YES;
				CLANG_WARN_DEPRECATED_OBJC_IMPLEMENTATIONS = YES;
				CLANG_WARN_DIRECT_OBJC_ISA_USAGE = YES_ERROR;
				CLANG_WARN_DOCUMENTATION_COMMENTS = YES;
				CLANG_WARN_EMPTY_BODY = YES;
				CLANG_WARN_ENUM_CONVERSION = YES;
				CLANG_WARN_INFINITE_RECURSION = YES;
				CLANG_WARN_INT_CONVERSION = YES;
				CLANG_WARN_NON_LITERAL_NULL_CONVERSION = YES;
				CLANG_WARN_OBJC_IMPLICIT_RETAIN_SELF = YES;
				CLANG_WARN_OBJC_LITERAL_CONVERSION = YES;
				CLANG_WARN_OBJC_ROOT_CLASS = YES_ERROR;
				CLANG_WARN_QUOTED_INCLUDE_IN_FRAMEWORK_HEADER = YES;
				CLANG_WARN_RANGE_LOOP_ANALYSIS = YES;
				CLANG_WARN_STRICT_PROTOTYPES = YES;
				CLANG_WARN_SUSPICIOUS_MOVE = YES;
				CLANG_WARN_UNGUARDED_AVAILABILITY = YES_AGGRESSIVE;
				CLANG_WARN_UNREACHABLE_CODE = YES;
				CLANG_WARN__DUPLICATE_METHOD_MATCH = YES;
				COPY_PHASE_STRIP = NO;
				DEBUG_INFORMATION_FORMAT = dwarf;
				ENABLE_STRICT_OBJC_MSGSEND = YES;
				ENABLE_TESTABILITY = YES;
				ENABLE_USER_SCRIPT_SANDBOXING = YES;
				GCC_C_LANGUAGE_STANDARD = gnu17;
				GCC_DYNAMIC_NO_PIC = NO;
				GCC_NO_COMMON_BLOCKS = YES;
				GCC_OPTIMIZATION_LEVEL = 0;
				GCC_PREPROCESSOR_DEFINITIONS = (
					"DEBUG=1",
					"$(inherited)",
				);
				GCC_WARN_64_TO_32_BIT_CONVERSION = YES;
				GCC_WARN_ABOUT_RETURN_TYPE = YES_ERROR;
				GCC_WARN_UNDECLARED_SELECTOR = YES;
				GCC_WARN_UNINITIALIZED_AUTOS = YES_AGGRESSIVE;
				GCC_WARN_UNUSED_FUNCTION = YES;
				GCC_WARN_UNUSED_VARIABLE = YES;
				IPHONEOS_DEPLOYMENT_TARGET = 17.0;
				LOCALIZATION_PREFERS_STRING_CATALOGS = YES;
				MTL_ENABLE_DEBUG_INFO = INCLUDE_SOURCE;
				MTL_FAST_MATH = YES;
				ONLY_ACTIVE_ARCH = YES;
				SDKROOT = iphoneos;
				SWIFT_ACTIVE_COMPILATION_CONDITIONS = "DEBUG $(inherited)";
				SWIFT_OPTIMIZATION_LEVEL = "-Onone";
			};
			name = Debug;
		};
		AE6F33762C091F2D00FE76AE /* Release */ = {
			isa = XCBuildConfiguration;
			buildSettings = {
				ALWAYS_SEARCH_USER_PATHS = NO;
				ASSETCATALOG_COMPILER_GENERATE_SWIFT_ASSET_SYMBOL_EXTENSIONS = YES;
				CLANG_ANALYZER_NONNULL = YES;
				CLANG_ANALYZER_NUMBER_OBJECT_CONVERSION = YES_AGGRESSIVE;
				CLANG_CXX_LANGUAGE_STANDARD = "gnu++20";
				CLANG_ENABLE_MODULES = YES;
				CLANG_ENABLE_OBJC_ARC = YES;
				CLANG_ENABLE_OBJC_WEAK = YES;
				CLANG_WARN_BLOCK_CAPTURE_AUTORELEASING = YES;
				CLANG_WARN_BOOL_CONVERSION = YES;
				CLANG_WARN_COMMA = YES;
				CLANG_WARN_CONSTANT_CONVERSION = YES;
				CLANG_WARN_DEPRECATED_OBJC_IMPLEMENTATIONS = YES;
				CLANG_WARN_DIRECT_OBJC_ISA_USAGE = YES_ERROR;
				CLANG_WARN_DOCUMENTATION_COMMENTS = YES;
				CLANG_WARN_EMPTY_BODY = YES;
				CLANG_WARN_ENUM_CONVERSION = YES;
				CLANG_WARN_INFINITE_RECURSION = YES;
				CLANG_WARN_INT_CONVERSION = YES;
				CLANG_WARN_NON_LITERAL_NULL_CONVERSION = YES;
				CLANG_WARN_OBJC_IMPLICIT_RETAIN_SELF = YES;
				CLANG_WARN_OBJC_LITERAL_CONVERSION = YES;
				CLANG_WARN_OBJC_ROOT_CLASS = YES_ERROR;
				CLANG_WARN_QUOTED_INCLUDE_IN_FRAMEWORK_HEADER = YES;
				CLANG_WARN_RANGE_LOOP_ANALYSIS = YES;
				CLANG_WARN_STRICT_PROTOTYPES = YES;
				CLANG_WARN_SUSPICIOUS_MOVE = YES;
				CLANG_WARN_UNGUARDED_AVAILABILITY = YES_AGGRESSIVE;
				CLANG_WARN_UNREACHABLE_CODE = YES;
				CLANG_WARN__DUPLICATE_METHOD_MATCH = YES;
				COPY_PHASE_STRIP = NO;
				DEBUG_INFORMATION_FORMAT = "dwarf-with-dsym";
				ENABLE_NS_ASSERTIONS = NO;
				ENABLE_STRICT_OBJC_MSGSEND = YES;
				ENABLE_USER_SCRIPT_SANDBOXING = YES;
				GCC_C_LANGUAGE_STANDARD = gnu17;
				GCC_NO_COMMON_BLOCKS = YES;
				GCC_WARN_64_TO_32_BIT_CONVERSION = YES;
				GCC_WARN_ABOUT_RETURN_TYPE = YES_ERROR;
				GCC_WARN_UNDECLARED_SELECTOR = YES;
				GCC_WARN_UNINITIALIZED_AUTOS = YES_AGGRESSIVE;
				GCC_WARN_UNUSED_FUNCTION = YES;
				GCC_WARN_UNUSED_VARIABLE = YES;
				IPHONEOS_DEPLOYMENT_TARGET = 17.0;
				LOCALIZATION_PREFERS_STRING_CATALOGS = YES;
				MTL_ENABLE_DEBUG_INFO = NO;
				MTL_FAST_MATH = YES;
				SDKROOT = iphoneos;
				SWIFT_COMPILATION_MODE = wholemodule;
				VALIDATE_PRODUCT = YES;
			};
			name = Release;
		};
		AE6F33782C091F2D00FE76AE /* Debug */ = {
			isa = XCBuildConfiguration;
			buildSettings = {
				ASSETCATALOG_COMPILER_APPICON_NAME = AppIcon;
				ASSETCATALOG_COMPILER_GLOBAL_ACCENT_COLOR_NAME = AccentColor;
				CODE_SIGN_STYLE = Automatic;
				CURRENT_PROJECT_VERSION = 1;
				DEVELOPMENT_TEAM = LTW453RPC3;
				GENERATE_INFOPLIST_FILE = YES;
				INFOPLIST_FILE = coordinatorPattern/Info.plist;
				INFOPLIST_KEY_UIApplicationSupportsIndirectInputEvents = YES;
				INFOPLIST_KEY_UILaunchStoryboardName = LaunchScreen;
				INFOPLIST_KEY_UISupportedInterfaceOrientations_iPad = "UIInterfaceOrientationPortrait UIInterfaceOrientationPortraitUpsideDown UIInterfaceOrientationLandscapeLeft UIInterfaceOrientationLandscapeRight";
				INFOPLIST_KEY_UISupportedInterfaceOrientations_iPhone = "UIInterfaceOrientationPortrait UIInterfaceOrientationLandscapeLeft UIInterfaceOrientationLandscapeRight";
				LD_RUNPATH_SEARCH_PATHS = (
					"$(inherited)",
					"@executable_path/Frameworks",
				);
				MARKETING_VERSION = 1.0;
				PRODUCT_BUNDLE_IDENTIFIER = com.yernar.coordinatorPattern;
				PRODUCT_NAME = "$(TARGET_NAME)";
				SUPPORTED_PLATFORMS = "iphoneos iphonesimulator";
				SUPPORTS_MACCATALYST = NO;
				SUPPORTS_MAC_DESIGNED_FOR_IPHONE_IPAD = NO;
				SWIFT_EMIT_LOC_STRINGS = YES;
				SWIFT_VERSION = 5.0;
				TARGETED_DEVICE_FAMILY = 1;
			};
			name = Debug;
		};
		AE6F33792C091F2D00FE76AE /* Release */ = {
			isa = XCBuildConfiguration;
			buildSettings = {
				ASSETCATALOG_COMPILER_APPICON_NAME = AppIcon;
				ASSETCATALOG_COMPILER_GLOBAL_ACCENT_COLOR_NAME = AccentColor;
				CODE_SIGN_STYLE = Automatic;
				CURRENT_PROJECT_VERSION = 1;
				DEVELOPMENT_TEAM = LTW453RPC3;
				GENERATE_INFOPLIST_FILE = YES;
				INFOPLIST_FILE = coordinatorPattern/Info.plist;
				INFOPLIST_KEY_UIApplicationSupportsIndirectInputEvents = YES;
				INFOPLIST_KEY_UILaunchStoryboardName = LaunchScreen;
				INFOPLIST_KEY_UISupportedInterfaceOrientations_iPad = "UIInterfaceOrientationPortrait UIInterfaceOrientationPortraitUpsideDown UIInterfaceOrientationLandscapeLeft UIInterfaceOrientationLandscapeRight";
				INFOPLIST_KEY_UISupportedInterfaceOrientations_iPhone = "UIInterfaceOrientationPortrait UIInterfaceOrientationLandscapeLeft UIInterfaceOrientationLandscapeRight";
				LD_RUNPATH_SEARCH_PATHS = (
					"$(inherited)",
					"@executable_path/Frameworks",
				);
				MARKETING_VERSION = 1.0;
				PRODUCT_BUNDLE_IDENTIFIER = com.yernar.coordinatorPattern;
				PRODUCT_NAME = "$(TARGET_NAME)";
				SUPPORTED_PLATFORMS = "iphoneos iphonesimulator";
				SUPPORTS_MACCATALYST = NO;
				SUPPORTS_MAC_DESIGNED_FOR_IPHONE_IPAD = NO;
				SWIFT_EMIT_LOC_STRINGS = YES;
				SWIFT_VERSION = 5.0;
				TARGETED_DEVICE_FAMILY = 1;
			};
			name = Release;
		};
/* End XCBuildConfiguration section */

/* Begin XCConfigurationList section */
		AE6F335E2C091F2800FE76AE /* Build configuration list for PBXProject "coordinatorPattern" */ = {
			isa = XCConfigurationList;
			buildConfigurations = (
				AE6F33752C091F2D00FE76AE /* Debug */,
				AE6F33762C091F2D00FE76AE /* Release */,
			);
			defaultConfigurationIsVisible = 0;
			defaultConfigurationName = Release;
		};
		AE6F33772C091F2D00FE76AE /* Build configuration list for PBXNativeTarget "coordinatorPattern" */ = {
			isa = XCConfigurationList;
			buildConfigurations = (
				AE6F33782C091F2D00FE76AE /* Debug */,
				AE6F33792C091F2D00FE76AE /* Release */,
			);
			defaultConfigurationIsVisible = 0;
			defaultConfigurationName = Release;
		};
/* End XCConfigurationList section */
	};
	rootObject = AE6F335B2C091F2800FE76AE /* Project object */;
}
